
Microsoft Visual Studio Solution File, Format Version 12.00
# Visual Studio Version 17
VisualStudioVersion = 17.0.32112.339
MinimumVisualStudioVersion = 10.0.40219.1
Project("{FAE04EC0-301F-11D3-BF4B-00C04F79EFBC}") = "Supper Summer Seating", "Supper Summer Seating\Supper Summer Seating.csproj", "{74AF7737-1A83-44D0-8E66-3DA89551D301}"
EndProject
Global
	GlobalSection(SolutionConfigurationPlatforms) = preSolution
		Debug|Any CPU = Debug|Any CPU
		Release|Any CPU = Release|Any CPU
	EndGlobalSection
	GlobalSection(ProjectConfigurationPlatforms) = postSolution
		{74AF7737-1A83-44D0-8E66-3DA89551D301}.Debug|Any CPU.ActiveCfg = Debug|Any CPU
		{74AF7737-1A83-44D0-8E66-3DA89551D301}.Debug|Any CPU.Build.0 = Debug|Any CPU
		{74AF7737-1A83-44D0-8E66-3DA89551D301}.Release|Any CPU.ActiveCfg = Release|Any CPU
		{74AF7737-1A83-44D0-8E66-3DA89551D301}.Release|Any CPU.Build.0 = Release|Any CPU
	EndGlobalSection
	GlobalSection(SolutionProperties) = preSolution
		HideSolutionNode = FALSE
	EndGlobalSection
	GlobalSection(ExtensibilityGlobals) = postSolution
		SolutionGuid = {7C0F77CA-7738-4668-8179-B371C437A5C8}
	EndGlobalSection
EndGlobal
